
Microsoft Visual Studio Solution File, Format Version 12.00
# Visual Studio Version 17
VisualStudioVersion = 17.14.36414.22
MinimumVisualStudioVersion = 10.0.40219.1
Project("{FAE04EC0-301F-11D3-BF4B-00C04F79EFBC}") = "WallyCode.Console", "WallyCode.Console\WallyCode.Console.csproj", "{F5B5C08D-B0B8-8A43-2D50-C29328987027}"
EndProject
Project("{FAE04EC0-301F-11D3-BF4B-00C04F79EFBC}") = "WallyCode.Tests", "WallyCode.Tests\WallyCode.Tests.csproj", "{63CBFC7C-F126-4BAF-8ED7-C25A77DEEC1D}"
EndProject
Global
	GlobalSection(SolutionConfigurationPlatforms) = preSolution
		Debug|Any CPU = Debug|Any CPU
		Debug|x64 = Debug|x64
		Debug|x86 = Debug|x86
		Release|Any CPU = Release|Any CPU
		Release|x64 = Release|x64
		Release|x86 = Release|x86
	EndGlobalSection
	GlobalSection(ProjectConfigurationPlatforms) = postSolution
		{F5B5C08D-B0B8-8A43-2D50-C29328987027}.Debug|Any CPU.ActiveCfg = Debug|Any CPU
		{F5B5C08D-B0B8-8A43-2D50-C29328987027}.Debug|Any CPU.Build.0 = Debug|Any CPU
		{F5B5C08D-B0B8-8A43-2D50-C29328987027}.Debug|x64.ActiveCfg = Debug|Any CPU
		{F5B5C08D-B0B8-8A43-2D50-C29328987027}.Debug|x64.Build.0 = Debug|Any CPU
		{F5B5C08D-B0B8-8A43-2D50-C29328987027}.Debug|x86.ActiveCfg = Debug|Any CPU
		{F5B5C08D-B0B8-8A43-2D50-C29328987027}.Debug|x86.Build.0 = Debug|Any CPU
		{F5B5C08D-B0B8-8A43-2D50-C29328987027}.Release|Any CPU.ActiveCfg = Release|Any CPU
		{F5B5C08D-B0B8-8A43-2D50-C29328987027}.Release|Any CPU.Build.0 = Release|Any CPU
		{F5B5C08D-B0B8-8A43-2D50-C29328987027}.Release|x64.ActiveCfg = Release|Any CPU
		{F5B5C08D-B0B8-8A43-2D50-C29328987027}.Release|x64.Build.0 = Release|Any CPU
		{F5B5C08D-B0B8-8A43-2D50-C29328987027}.Release|x86.ActiveCfg = Release|Any CPU
		{F5B5C08D-B0B8-8A43-2D50-C29328987027}.Release|x86.Build.0 = Release|Any CPU
		{63CBFC7C-F126-4BAF-8ED7-C25A77DEEC1D}.Debug|Any CPU.ActiveCfg = Debug|Any CPU
		{63CBFC7C-F126-4BAF-8ED7-C25A77DEEC1D}.Debug|Any CPU.Build.0 = Debug|Any CPU
		{63CBFC7C-F126-4BAF-8ED7-C25A77DEEC1D}.Debug|x64.ActiveCfg = Debug|Any CPU
		{63CBFC7C-F126-4BAF-8ED7-C25A77DEEC1D}.Debug|x64.Build.0 = Debug|Any CPU
		{63CBFC7C-F126-4BAF-8ED7-C25A77DEEC1D}.Debug|x86.ActiveCfg = Debug|Any CPU
		{63CBFC7C-F126-4BAF-8ED7-C25A77DEEC1D}.Debug|x86.Build.0 = Debug|Any CPU
		{63CBFC7C-F126-4BAF-8ED7-C25A77DEEC1D}.Release|Any CPU.ActiveCfg = Release|Any CPU
		{63CBFC7C-F126-4BAF-8ED7-C25A77DEEC1D}.Release|Any CPU.Build.0 = Release|Any CPU
		{63CBFC7C-F126-4BAF-8ED7-C25A77DEEC1D}.Release|x64.ActiveCfg = Release|Any CPU
		{63CBFC7C-F126-4BAF-8ED7-C25A77DEEC1D}.Release|x64.Build.0 = Release|Any CPU
		{63CBFC7C-F126-4BAF-8ED7-C25A77DEEC1D}.Release|x86.ActiveCfg = Release|Any CPU
		{63CBFC7C-F126-4BAF-8ED7-C25A77DEEC1D}.Release|x86.Build.0 = Release|Any CPU
	EndGlobalSection
	GlobalSection(SolutionProperties) = preSolution
		HideSolutionNode = FALSE
	EndGlobalSection
	GlobalSection(ExtensibilityGlobals) = postSolution
		SolutionGuid = {0858CD94-9A8C-4667-95B2-E13E6B1CAB79}
	EndGlobalSection
EndGlobal
